
Microsoft Visual Studio Solution File, Format Version 12.00
# Visual Studio 15
VisualStudioVersion = 15.0.27130.2036
MinimumVisualStudioVersion = 10.0.40219.1
Project("{FAE04EC0-301F-11D3-BF4B-00C04F79EFBC}") = "ImageScraper", "ImageScraper\ImageScraper.csproj", "{E077BBFC-A724-4CCB-A9FD-FB287AC31D1B}"
EndProject
Global
	GlobalSection(SolutionConfigurationPlatforms) = preSolution
		Debug|Any CPU = Debug|Any CPU
		Release|Any CPU = Release|Any CPU
	EndGlobalSection
	GlobalSection(ProjectConfigurationPlatforms) = postSolution
		{E077BBFC-A724-4CCB-A9FD-FB287AC31D1B}.Debug|Any CPU.ActiveCfg = Debug|Any CPU
		{E077BBFC-A724-4CCB-A9FD-FB287AC31D1B}.Debug|Any CPU.Build.0 = Debug|Any CPU
		{E077BBFC-A724-4CCB-A9FD-FB287AC31D1B}.Release|Any CPU.ActiveCfg = Release|Any CPU
		{E077BBFC-A724-4CCB-A9FD-FB287AC31D1B}.Release|Any CPU.Build.0 = Release|Any CPU
	EndGlobalSection
	GlobalSection(SolutionProperties) = preSolution
		HideSolutionNode = FALSE
	EndGlobalSection
	GlobalSection(ExtensibilityGlobals) = postSolution
		SolutionGuid = {C5D83581-2000-4241-9D24-20291F0E59C6}
	EndGlobalSection
EndGlobal
